PODS:
  - Alamofire (4.8.2)
  - ID3TagEditor (2.2.0)
  - SVProgressHUD (2.2.5)

DEPENDENCIES:
  - Alamofire
  - ID3TagEditor
  - SVProgressHUD

SPEC REPOS:
  https://github.com/CocoaPods/Specs.git:
    - Alamofire
    - ID3TagEditor
    - SVProgressHUD

SPEC CHECKSUMS:
  Alamofire: ae5c501addb7afdbb13687d7f2f722c78734c2d3
  ID3TagEditor: 9ac1b6654cc273628a4a4f479ced83742bb429a7
  SVProgressHUD: 1428aafac632c1f86f62aa4243ec12008d7a51d6

PODFILE CHECKSUM: df39deb5429c535f5b57f4443cc43d5781ab0b7b

COCOAPODS: 1.5.0
