// !$*UTF8*$!
{
	archiveVersion = 1;
	classes = {
	};
	objectVersion = 46;
	objects = {

/* Begin PBXBuildFile section */
		5413A5BC231A050F008AED0B /* RecentlyAddedCollectionViewCell.swift in Sources */ = {isa = PBXBuildFile; fileRef = 5413A5BB231A050F008AED0B /* RecentlyAddedCollectionViewCell.swift */; };
		5431837422F742A000E720AB /* MetedataEditor.swift in Sources */ = {isa = PBXBuildFile; fileRef = 5431837322F742A000E720AB /* MetedataEditor.swift */; };
		543B774721044C80003A1EE9 /* MetadataViewController.swift in Sources */ = {isa = PBXBuildFile; fileRef = 543B774621044C80003A1EE9 /* MetadataViewController.swift */; };
		543B774921044D29003A1EE9 /* metadataTableViewCell.swift in Sources */ = {isa = PBXBuildFile; fileRef = 543B774821044D29003A1EE9 /* metadataTableViewCell.swift */; };
		543B774B2104D5FD003A1EE9 /* songTableViewCell.swift in Sources */ = {isa = PBXBuildFile; fileRef = 543B774A2104D5FD003A1EE9 /* songTableViewCell.swift */; };
		5446B72F24402B4A00561759 /* MusicControls.swift in Sources */ = {isa = PBXBuildFile; fileRef = 5446B72E24402B4A00561759 /* MusicControls.swift */; };
		546E32DE246230D30079D2DE /* Model.xcdatamodeld in Sources */ = {isa = PBXBuildFile; fileRef = 546E32DC246230D30079D2DE /* Model.xcdatamodeld */; };
		546E32E0246763F90079D2DE /* MusicPlayerViewController.swift in Sources */ = {isa = PBXBuildFile; fileRef = 546E32DF246763F90079D2DE /* MusicPlayerViewController.swift */; };
		54766DA7231B3FF100ACEF56 /* AlbumCollectionViewCell.swift in Sources */ = {isa = PBXBuildFile; fileRef = 54766DA6231B3FF100ACEF56 /* AlbumCollectionViewCell.swift */; };
		54766DA9231BEAC000ACEF56 /* MainTabBarController.swift in Sources */ = {isa = PBXBuildFile; fileRef = 54766DA8231BEAC000ACEF56 /* MainTabBarController.swift */; };
		5476D65A21064E3800702147 /* downloadTableViewCell.swift in Sources */ = {isa = PBXBuildFile; fileRef = 5476D65921064E3800702147 /* downloadTableViewCell.swift */; };
		5476D65C21064E5400702147 /* playlistTableViewCell.swift in Sources */ = {isa = PBXBuildFile; fileRef = 5476D65B21064E5400702147 /* playlistTableViewCell.swift */; };
		5476D65E2106582D00702147 /* PlaylistViewController.swift in Sources */ = {isa = PBXBuildFile; fileRef = 5476D65D2106582D00702147 /* PlaylistViewController.swift */; };
		54941854224FF0C900E2F097 /* HomeViewController.swift in Sources */ = {isa = PBXBuildFile; fileRef = 54941853224FF0C900E2F097 /* HomeViewController.swift */; };
		54941856224FFFD900E2F097 /* HomeCollectionViewCell.swift in Sources */ = {isa = PBXBuildFile; fileRef = 54941855224FFFD900E2F097 /* HomeCollectionViewCell.swift */; };
		54A1906922E8D5BE003B5FEF /* Functions.swift in Sources */ = {isa = PBXBuildFile; fileRef = 54A1906822E8D5BE003B5FEF /* Functions.swift */; };
		54A3A2BF2107AB7D006C4881 /* AlbumsViewController.swift in Sources */ = {isa = PBXBuildFile; fileRef = 54A3A2BE2107AB7D006C4881 /* AlbumsViewController.swift */; };
		54A3A2C42107CD65006C4881 /* ArtistsViewController.swift in Sources */ = {isa = PBXBuildFile; fileRef = 54A3A2C32107CD65006C4881 /* ArtistsViewController.swift */; };
		54A3A2C82108EF15006C4881 /* ShuffleTableViewCell.swift in Sources */ = {isa = PBXBuildFile; fileRef = 54A3A2C72108EF15006C4881 /* ShuffleTableViewCell.swift */; };
		54A3A2CA210A1DD4006C4881 /* Objects.swift in Sources */ = {isa = PBXBuildFile; fileRef = 54A3A2C9210A1DD4006C4881 /* Objects.swift */; };
		54ED74EE210125A600326880 /* Music Library in Resources */ = {isa = PBXBuildFile; fileRef = 54ED74ED210125A600326880 /* Music Library */; };
		54ED74F12101370100326880 /* WebKit.framework in Frameworks */ = {isa = PBXBuildFile; fileRef = 54ED74F02101370100326880 /* WebKit.framework */; };
		54ED74F3210139CE00326880 /* BrowserViewController.swift in Sources */ = {isa = PBXBuildFile; fileRef = 54ED74F2210139CE00326880 /* BrowserViewController.swift */; };
		54ED74F52101A1E100326880 /* PlaylistsViewController.swift in Sources */ = {isa = PBXBuildFile; fileRef = 54ED74F42101A1E100326880 /* PlaylistsViewController.swift */; };
		54ED74F72101A26F00326880 /* DownloadsViewController.swift in Sources */ = {isa = PBXBuildFile; fileRef = 54ED74F62101A26F00326880 /* DownloadsViewController.swift */; };
		54ED74FB2102493E00326880 /* LibraryViewController.swift in Sources */ = {isa = PBXBuildFile; fileRef = 54ED74FA2102493E00326880 /* LibraryViewController.swift */; };
		54F5D9B32443B2E200AB2FF1 /* ImageCache.swift in Sources */ = {isa = PBXBuildFile; fileRef = 54F5D9B22443B2E200AB2FF1 /* ImageCache.swift */; };
		54F5D9CC244971A800AB2FF1 /* MusicPlayerEGUITests.swift in Sources */ = {isa = PBXBuildFile; fileRef = 54F5D9CB244971A800AB2FF1 /* MusicPlayerEGUITests.swift */; };
		54F5D9D3244971F400AB2FF1 /* libTestLib.a in Frameworks */ = {isa = PBXBuildFile; fileRef = 54F5D9C4244970FF00AB2FF1 /* libTestLib.a */; };
		54F5D9D52449756600AB2FF1 /* AppFramework.framework in CopyFiles */ = {isa = PBXBuildFile; fileRef = 54F5D9C2244970FF00AB2FF1 /* AppFramework.framework */; settings = {ATTRIBUTES = (CodeSignOnCopy, ); }; };
		54F5D9D7244975E500AB2FF1 /* EarlGrey.swift in Sources */ = {isa = PBXBuildFile; fileRef = 54F5D9D6244975E500AB2FF1 /* EarlGrey.swift */; };
		8420DE413A2671BF0A9153F8 /* Pods_MusicPlayer1_5UITests.framework in Frameworks */ = {isa = PBXBuildFile; fileRef = 03CFE6A4BAFF0D9CB5167FA1 /* Pods_MusicPlayer1_5UITests.framework */; };
		BE819D691F5CE4C900B9DE60 /* AppDelegate.swift in Sources */ = {isa = PBXBuildFile; fileRef = BE819D681F5CE4C900B9DE60 /* AppDelegate.swift */; };
		BE819D6B1F5CE4C900B9DE60 /* ViewController.swift in Sources */ = {isa = PBXBuildFile; fileRef = BE819D6A1F5CE4C900B9DE60 /* ViewController.swift */; };
		BE819D6E1F5CE4C900B9DE60 /* Main.storyboard in Resources */ = {isa = PBXBuildFile; fileRef = BE819D6C1F5CE4C900B9DE60 /* Main.storyboard */; };
		BE819D701F5CE4C900B9DE60 /* Assets.xcassets in Resources */ = {isa = PBXBuildFile; fileRef = BE819D6F1F5CE4C900B9DE60 /* Assets.xcassets */; };
		BE819D731F5CE4C900B9DE60 /* LaunchScreen.storyboard in Resources */ = {isa = PBXBuildFile; fileRef = BE819D711F5CE4C900B9DE60 /* LaunchScreen.storyboard */; };
		BE819D7E1F5CE4C900B9DE60 /* MusicPlayer1_5Tests.swift in Sources */ = {isa = PBXBuildFile; fileRef = BE819D7D1F5CE4C900B9DE60 /* MusicPlayer1_5Tests.swift */; };
		BE819D891F5CE4C900B9DE60 /* MusicPlayer1_5UITests.swift in Sources */ = {isa = PBXBuildFile; fileRef = BE819D881F5CE4C900B9DE60 /* MusicPlayer1_5UITests.swift */; };
		BEE2FE921F5F488C00324879 /* MusicViewController.swift in Sources */ = {isa = PBXBuildFile; fileRef = BEE2FE911F5F488C00324879 /* MusicViewController.swift */; };
		D630B46CCBD25B9B2B5A36BD /* Pods_MusicPlayer1_5.framework in Frameworks */ = {isa = PBXBuildFile; fileRef = 7F41B1D56ACA13669EF36A01 /* Pods_MusicPlayer1_5.framework */; };
		DCD19F07460125B7A7FD4E6E /* Pods_MusicPlayer1_5Tests.framework in Frameworks */ = {isa = PBXBuildFile; fileRef = 58C198042BB0CCD1D2C247F9 /* Pods_MusicPlayer1_5Tests.framework */; };
/* End PBXBuildFile section */

/* Begin PBXContainerItemProxy section */
		54F5D9BD244970FF00AB2FF1 /* PBXContainerItemProxy */ = {
			isa = PBXContainerItemProxy;
			containerPortal = 54F5D9B5244970FE00AB2FF1 /* EarlGrey.xcodeproj */;
			proxyType = 2;
			remoteGlobalIDString = FD62395120F56A9700049E81;
			remoteInfo = CommonLib;
		};
		54F5D9BF244970FF00AB2FF1 /* PBXContainerItemProxy */ = {
			isa = PBXContainerItemProxy;
			containerPortal = 54F5D9B5244970FE00AB2FF1 /* EarlGrey.xcodeproj */;
			proxyType = 2;
			remoteGlobalIDString = FDF9E03520F82D090005DCF2;
			remoteInfo = UILib;
		};
		54F5D9C1244970FF00AB2FF1 /* PBXContainerItemProxy */ = {
			isa = PBXContainerItemProxy;
			containerPortal = 54F5D9B5244970FE00AB2FF1 /* EarlGrey.xcodeproj */;
			proxyType = 2;
			remoteGlobalIDString = FD623A4920F957BE00049E81;
			remoteInfo = AppFramework;
		};
		54F5D9C3244970FF00AB2FF1 /* PBXContainerItemProxy */ = {
			isa = PBXContainerItemProxy;
			containerPortal = 54F5D9B5244970FE00AB2FF1 /* EarlGrey.xcodeproj */;
			proxyType = 2;
			remoteGlobalIDString = FD5048F820FB225100261CBE;
			remoteInfo = TestLib;
		};
		54F5D9CE244971A800AB2FF1 /* PBXContainerItemProxy */ = {
			isa = PBXContainerItemProxy;
			containerPortal = BE819D5D1F5CE4C800B9DE60 /* Project object */;
			proxyType = 1;
			remoteGlobalIDString = BE819D641F5CE4C900B9DE60;
			remoteInfo = MusicPlayer1.5;
		};
		BE819D7A1F5CE4C900B9DE60 /* PBXContainerItemProxy */ = {
			isa = PBXContainerItemProxy;
			containerPortal = BE819D5D1F5CE4C800B9DE60 /* Project object */;
			proxyType = 1;
			remoteGlobalIDString = BE819D641F5CE4C900B9DE60;
			remoteInfo = MusicPlayer1.5;
		};
		BE819D851F5CE4C900B9DE60 /* PBXContainerItemProxy */ = {
			isa = PBXContainerItemProxy;
			containerPortal = BE819D5D1F5CE4C800B9DE60 /* Project object */;
			proxyType = 1;
			remoteGlobalIDString = BE819D641F5CE4C900B9DE60;
			remoteInfo = MusicPlayer1.5;
		};
/* End PBXContainerItemProxy section */

/* Begin PBXCopyFilesBuildPhase section */
		54F5D9D4244974B300AB2FF1 /* CopyFiles */ = {
			isa = PBXCopyFilesBuildPhase;
			buildActionMask = 2147483647;
			dstPath = "$(TARGET_BUILD_DIR)/../../MusicPlayer1.5.app/Frameworks";
			dstSubfolderSpec = 0;
			files = (
				54F5D9D52449756600AB2FF1 /* AppFramework.framework in CopyFiles */,
			);
			runOnlyForDeploymentPostprocessing = 0;
		};
/* End PBXCopyFilesBuildPhase section */

/* Begin PBXFileReference section */
		03CFE6A4BAFF0D9CB5167FA1 /* Pods_MusicPlayer1_5UITests.framework */ = {isa = PBXFileReference; explicitFileType = wrapper.framework; includeInIndex = 0; path = Pods_MusicPlayer1_5UITests.framework; sourceTree = BUILT_PRODUCTS_DIR; };
		08C9352677D69634CE560686 /* Pods-MusicPlayer1.5Tests.release.xcconfig */ = {isa = PBXFileReference; includeInIndex = 1; lastKnownFileType = text.xcconfig; name = "Pods-MusicPlayer1.5Tests.release.xcconfig"; path = "Pods/Target Support Files/Pods-MusicPlayer1.5Tests/Pods-MusicPlayer1.5Tests.release.xcconfig"; sourceTree = "<group>"; };
		5413A5BB231A050F008AED0B /* RecentlyAddedCollectionViewCell.swift */ = {isa = PBXFileReference; lastKnownFileType = sourcecode.swift; path = RecentlyAddedCollectionViewCell.swift; sourceTree = "<group>"; };
		5431837322F742A000E720AB /* MetedataEditor.swift */ = {isa = PBXFileReference; lastKnownFileType = sourcecode.swift; path = MetedataEditor.swift; sourceTree = "<group>"; };
		543B774621044C80003A1EE9 /* MetadataViewController.swift */ = {isa = PBXFileReference; lastKnownFileType = sourcecode.swift; path = MetadataViewController.swift; sourceTree = "<group>"; };
		543B774821044D29003A1EE9 /* metadataTableViewCell.swift */ = {isa = PBXFileReference; lastKnownFileType = sourcecode.swift; path = metadataTableViewCell.swift; sourceTree = "<group>"; };
		543B774A2104D5FD003A1EE9 /* songTableViewCell.swift */ = {isa = PBXFileReference; lastKnownFileType = sourcecode.swift; path = songTableViewCell.swift; sourceTree = "<group>"; };
		5446B72E24402B4A00561759 /* MusicControls.swift */ = {isa = PBXFileReference; lastKnownFileType = sourcecode.swift; path = MusicControls.swift; sourceTree = "<group>"; };
		546E32DD246230D30079D2DE /* Model.xcdatamodel */ = {isa = PBXFileReference; lastKnownFileType = wrapper.xcdatamodel; path = Model.xcdatamodel; sourceTree = "<group>"; };
		546E32DF246763F90079D2DE /* MusicPlayerViewController.swift */ = {isa = PBXFileReference; lastKnownFileType = sourcecode.swift; path = MusicPlayerViewController.swift; sourceTree = "<group>"; };
		54766DA6231B3FF100ACEF56 /* AlbumCollectionViewCell.swift */ = {isa = PBXFileReference; lastKnownFileType = sourcecode.swift; path = AlbumCollectionViewCell.swift; sourceTree = "<group>"; };
		54766DA8231BEAC000ACEF56 /* MainTabBarController.swift */ = {isa = PBXFileReference; lastKnownFileType = sourcecode.swift; path = MainTabBarController.swift; sourceTree = "<group>"; };
		5476D65921064E3800702147 /* downloadTableViewCell.swift */ = {isa = PBXFileReference; lastKnownFileType = sourcecode.swift; path = downloadTableViewCell.swift; sourceTree = "<group>"; };
		5476D65B21064E5400702147 /* playlistTableViewCell.swift */ = {isa = PBXFileReference; lastKnownFileType = sourcecode.swift; path = playlistTableViewCell.swift; sourceTree = "<group>"; };
		5476D65D2106582D00702147 /* PlaylistViewController.swift */ = {isa = PBXFileReference; lastKnownFileType = sourcecode.swift; path = PlaylistViewController.swift; sourceTree = "<group>"; };
		54941853224FF0C900E2F097 /* HomeViewController.swift */ = {isa = PBXFileReference; lastKnownFileType = sourcecode.swift; path = HomeViewController.swift; sourceTree = "<group>"; };
		54941855224FFFD900E2F097 /* HomeCollectionViewCell.swift */ = {isa = PBXFileReference; lastKnownFileType = sourcecode.swift; path = HomeCollectionViewCell.swift; sourceTree = "<group>"; };
		54A1906822E8D5BE003B5FEF /* Functions.swift */ = {isa = PBXFileReference; lastKnownFileType = sourcecode.swift; path = Functions.swift; sourceTree = "<group>"; };
		54A3A2BE2107AB7D006C4881 /* AlbumsViewController.swift */ = {isa = PBXFileReference; lastKnownFileType = sourcecode.swift; path = AlbumsViewController.swift; sourceTree = "<group>"; };
		54A3A2C32107CD65006C4881 /* ArtistsViewController.swift */ = {isa = PBXFileReference; lastKnownFileType = sourcecode.swift; path = ArtistsViewController.swift; sourceTree = "<group>"; };
		54A3A2C72108EF15006C4881 /* ShuffleTableViewCell.swift */ = {isa = PBXFileReference; lastKnownFileType = sourcecode.swift; path = ShuffleTableViewCell.swift; sourceTree = "<group>"; };
		54A3A2C9210A1DD4006C4881 /* Objects.swift */ = {isa = PBXFileReference; lastKnownFileType = sourcecode.swift; path = Objects.swift; sourceTree = "<group>"; };
		54ED74ED210125A600326880 /* Music Library */ = {isa = PBXFileReference; lastKnownFileType = folder; path = "Music Library"; sourceTree = "<group>"; };
		54ED74F02101370100326880 /* WebKit.framework */ = {isa = PBXFileReference; lastKnownFileType = wrapper.framework; name = WebKit.framework; path = System/Library/Frameworks/WebKit.framework; sourceTree = SDKROOT; };
		54ED74F2210139CE00326880 /* BrowserViewController.swift */ = {isa = PBXFileReference; lastKnownFileType = sourcecode.swift; path = BrowserViewController.swift; sourceTree = "<group>"; };
		54ED74F42101A1E100326880 /* PlaylistsViewController.swift */ = {isa = PBXFileReference; lastKnownFileType = sourcecode.swift; path = PlaylistsViewController.swift; sourceTree = "<group>"; };
		54ED74F62101A26F00326880 /* DownloadsViewController.swift */ = {isa = PBXFileReference; lastKnownFileType = sourcecode.swift; path = DownloadsViewController.swift; sourceTree = "<group>"; };
		54ED74FA2102493E00326880 /* LibraryViewController.swift */ = {isa = PBXFileReference; lastKnownFileType = sourcecode.swift; path = LibraryViewController.swift; sourceTree = "<group>"; };
		54F5D9B22443B2E200AB2FF1 /* ImageCache.swift */ = {isa = PBXFileReference; lastKnownFileType = sourcecode.swift; path = ImageCache.swift; sourceTree = "<group>"; };
		54F5D9B5244970FE00AB2FF1 /* EarlGrey.xcodeproj */ = {isa = PBXFileReference; lastKnownFileType = "wrapper.pb-project"; name = EarlGrey.xcodeproj; path = ../EarlGrey/EarlGrey.xcodeproj; sourceTree = "<group>"; };
		54F5D9C9244971A800AB2FF1 /* MusicPlayerEGUITests.xctest */ = {isa = PBXFileReference; explicitFileType = wrapper.cfbundle; includeInIndex = 0; path = MusicPlayerEGUITests.xctest; sourceTree = BUILT_PRODUCTS_DIR; };
		54F5D9CB244971A800AB2FF1 /* MusicPlayerEGUITests.swift */ = {isa = PBXFileReference; lastKnownFileType = sourcecode.swift; path = MusicPlayerEGUITests.swift; sourceTree = "<group>"; };
		54F5D9CD244971A800AB2FF1 /* Info.plist */ = {isa = PBXFileReference; lastKnownFileType = text.plist.xml; path = Info.plist; sourceTree = "<group>"; };
		54F5D9D6244975E500AB2FF1 /* EarlGrey.swift */ = {isa = PBXFileReference; lastKnownFileType = sourcecode.swift; path = EarlGrey.swift; sourceTree = "<group>"; };
		54F5D9D82449776900AB2FF1 /* EG2Header.h */ = {isa = PBXFileReference; lastKnownFileType = sourcecode.c.h; path = EG2Header.h; sourceTree = "<group>"; };
		58C198042BB0CCD1D2C247F9 /* Pods_MusicPlayer1_5Tests.framework */ = {isa = PBXFileReference; explicitFileType = wrapper.framework; includeInIndex = 0; path = Pods_MusicPlayer1_5Tests.framework; sourceTree = BUILT_PRODUCTS_DIR; };
		711101E6B49AE97C33A29FE4 /* Pods-MusicPlayer1.5.release.xcconfig */ = {isa = PBXFileReference; includeInIndex = 1; lastKnownFileType = text.xcconfig; name = "Pods-MusicPlayer1.5.release.xcconfig"; path = "Pods/Target Support Files/Pods-MusicPlayer1.5/Pods-MusicPlayer1.5.release.xcconfig"; sourceTree = "<group>"; };
		7F41B1D56ACA13669EF36A01 /* Pods_MusicPlayer1_5.framework */ = {isa = PBXFileReference; explicitFileType = wrapper.framework; includeInIndex = 0; path = Pods_MusicPlayer1_5.framework; sourceTree = BUILT_PRODUCTS_DIR; };
		8EBB041CB0396EFDFF8BDB99 /* Pods-MusicPlayer1.5Tests.debug.xcconfig */ = {isa = PBXFileReference; includeInIndex = 1; lastKnownFileType = text.xcconfig; name = "Pods-MusicPlayer1.5Tests.debug.xcconfig"; path = "Pods/Target Support Files/Pods-MusicPlayer1.5Tests/Pods-MusicPlayer1.5Tests.debug.xcconfig"; sourceTree = "<group>"; };
		BE819D651F5CE4C900B9DE60 /* MusicPlayer1.5.app */ = {isa = PBXFileReference; explicitFileType = wrapper.application; includeInIndex = 0; path = MusicPlayer1.5.app; sourceTree = BUILT_PRODUCTS_DIR; };
		BE819D681F5CE4C900B9DE60 /* AppDelegate.swift */ = {isa = PBXFileReference; lastKnownFileType = sourcecode.swift; path = AppDelegate.swift; sourceTree = "<group>"; };
		BE819D6A1F5CE4C900B9DE60 /* ViewController.swift */ = {isa = PBXFileReference; lastKnownFileType = sourcecode.swift; path = ViewController.swift; sourceTree = "<group>"; };
		BE819D6D1F5CE4C900B9DE60 /* Base */ = {isa = PBXFileReference; lastKnownFileType = file.storyboard; name = Base; path = Base.lproj/Main.storyboard; sourceTree = "<group>"; };
		BE819D6F1F5CE4C900B9DE60 /* Assets.xcassets */ = {isa = PBXFileReference; lastKnownFileType = folder.assetcatalog; path = Assets.xcassets; sourceTree = "<group>"; };
		BE819D721F5CE4C900B9DE60 /* Base */ = {isa = PBXFileReference; lastKnownFileType = file.storyboard; name = Base; path = Base.lproj/LaunchScreen.storyboard; sourceTree = "<group>"; };
		BE819D741F5CE4C900B9DE60 /* Info.plist */ = {isa = PBXFileReference; lastKnownFileType = text.plist.xml; path = Info.plist; sourceTree = "<group>"; };
		BE819D791F5CE4C900B9DE60 /* MusicPlayer1.5Tests.xctest */ = {isa = PBXFileReference; explicitFileType = wrapper.cfbundle; includeInIndex = 0; path = MusicPlayer1.5Tests.xctest; sourceTree = BUILT_PRODUCTS_DIR; };
		BE819D7D1F5CE4C900B9DE60 /* MusicPlayer1_5Tests.swift */ = {isa = PBXFileReference; lastKnownFileType = sourcecode.swift; path = MusicPlayer1_5Tests.swift; sourceTree = "<group>"; };
		BE819D7F1F5CE4C900B9DE60 /* Info.plist */ = {isa = PBXFileReference; lastKnownFileType = text.plist.xml; path = Info.plist; sourceTree = "<group>"; };
		BE819D841F5CE4C900B9DE60 /* MusicPlayer1.5UITests.xctest */ = {isa = PBXFileReference; explicitFileType = wrapper.cfbundle; includeInIndex = 0; path = MusicPlayer1.5UITests.xctest; sourceTree = BUILT_PRODUCTS_DIR; };
		BE819D881F5CE4C900B9DE60 /* MusicPlayer1_5UITests.swift */ = {isa = PBXFileReference; lastKnownFileType = sourcecode.swift; path = MusicPlayer1_5UITests.swift; sourceTree = "<group>"; };
		BE819D8A1F5CE4C900B9DE60 /* Info.plist */ = {isa = PBXFileReference; lastKnownFileType = text.plist.xml; path = Info.plist; sourceTree = "<group>"; };
		BEE2FE911F5F488C00324879 /* MusicViewController.swift */ = {isa = PBXFileReference; fileEncoding = 4; lastKnownFileType = sourcecode.swift; path = MusicViewController.swift; sourceTree = "<group>"; };
		D488B65864AAE1F454CE0681 /* Pods-MusicPlayer1.5UITests.debug.xcconfig */ = {isa = PBXFileReference; includeInIndex = 1; lastKnownFileType = text.xcconfig; name = "Pods-MusicPlayer1.5UITests.debug.xcconfig"; path = "Pods/Target Support Files/Pods-MusicPlayer1.5UITests/Pods-MusicPlayer1.5UITests.debug.xcconfig"; sourceTree = "<group>"; };
		DE1EDC78CD23116FEC86DD39 /* Pods-MusicPlayer1.5UITests.release.xcconfig */ = {isa = PBXFileReference; includeInIndex = 1; lastKnownFileType = text.xcconfig; name = "Pods-MusicPlayer1.5UITests.release.xcconfig"; path = "Pods/Target Support Files/Pods-MusicPlayer1.5UITests/Pods-MusicPlayer1.5UITests.release.xcconfig"; sourceTree = "<group>"; };
		F56E7D94E959AD97A6450822 /* Pods-MusicPlayer1.5.debug.xcconfig */ = {isa = PBXFileReference; includeInIndex = 1; lastKnownFileType = text.xcconfig; name = "Pods-MusicPlayer1.5.debug.xcconfig"; path = "Pods/Target Support Files/Pods-MusicPlayer1.5/Pods-MusicPlayer1.5.debug.xcconfig"; sourceTree = "<group>"; };
/* End PBXFileReference section */

/* Begin PBXFrameworksBuildPhase section */
		54F5D9C6244971A800AB2FF1 /* Frameworks */ = {
			isa = PBXFrameworksBuildPhase;
			buildActionMask = 2147483647;
			files = (
				54F5D9D3244971F400AB2FF1 /* libTestLib.a in Frameworks */,
			);
			runOnlyForDeploymentPostprocessing = 0;
		};
		BE819D621F5CE4C900B9DE60 /* Frameworks */ = {
			isa = PBXFrameworksBuildPhase;
			buildActionMask = 2147483647;
			files = (
				54ED74F12101370100326880 /* WebKit.framework in Frameworks */,
				D630B46CCBD25B9B2B5A36BD /* Pods_MusicPlayer1_5.framework in Frameworks */,
			);
			runOnlyForDeploymentPostprocessing = 0;
		};
		BE819D761F5CE4C900B9DE60 /* Frameworks */ = {
			isa = PBXFrameworksBuildPhase;
			buildActionMask = 2147483647;
			files = (
				DCD19F07460125B7A7FD4E6E /* Pods_MusicPlayer1_5Tests.framework in Frameworks */,
			);
			runOnlyForDeploymentPostprocessing = 0;
		};
		BE819D811F5CE4C900B9DE60 /* Frameworks */ = {
			isa = PBXFrameworksBuildPhase;
			buildActionMask = 2147483647;
			files = (
				8420DE413A2671BF0A9153F8 /* Pods_MusicPlayer1_5UITests.framework in Frameworks */,
			);
			runOnlyForDeploymentPostprocessing = 0;
		};
/* End PBXFrameworksBuildPhase section */

/* Begin PBXGroup section */
		543B774121041947003A1EE9 /* Library */ = {
			isa = PBXGroup;
			children = (
				54ED74FA2102493E00326880 /* LibraryViewController.swift */,
				54A3A2BA2107AA96006C4881 /* All Songs */,
				54A3A2BB2107AADA006C4881 /* Albums */,
				54A3A2BC2107AAED006C4881 /* Artists */,
				54A3A2BD2107AB0E006C4881 /* Recently Added */,
				BEE2FE911F5F488C00324879 /* MusicViewController.swift */,
				546E32DF246763F90079D2DE /* MusicPlayerViewController.swift */,
			);
			path = Library;
			sourceTree = "<group>";
		};
		543B774221041974003A1EE9 /* Playlists */ = {
			isa = PBXGroup;
			children = (
				54ED74F42101A1E100326880 /* PlaylistsViewController.swift */,
				5476D65B21064E5400702147 /* playlistTableViewCell.swift */,
				5476D65D2106582D00702147 /* PlaylistViewController.swift */,
			);
			path = Playlists;
			sourceTree = "<group>";
		};
		543B77432104495C003A1EE9 /* Downloads */ = {
			isa = PBXGroup;
			children = (
				54ED74F62101A26F00326880 /* DownloadsViewController.swift */,
				5476D65921064E3800702147 /* downloadTableViewCell.swift */,
			);
			path = Downloads;
			sourceTree = "<group>";
		};
		543B77452104497B003A1EE9 /* Browser */ = {
			isa = PBXGroup;
			children = (
				54ED74F2210139CE00326880 /* BrowserViewController.swift */,
			);
			path = Browser;
			sourceTree = "<group>";
		};
		546E32D72462309B0079D2DE /* DataModel */ = {
			isa = PBXGroup;
			children = (
				546E32DC246230D30079D2DE /* Model.xcdatamodeld */,
			);
			path = DataModel;
			sourceTree = "<group>";
		};
		5476D65F210659EF00702147 /* Modals */ = {
			isa = PBXGroup;
			children = (
				54A3A2C9210A1DD4006C4881 /* Objects.swift */,
				54A1906822E8D5BE003B5FEF /* Functions.swift */,
				5431837322F742A000E720AB /* MetedataEditor.swift */,
				54766DA8231BEAC000ACEF56 /* MainTabBarController.swift */,
				5446B72E24402B4A00561759 /* MusicControls.swift */,
				54F5D9B22443B2E200AB2FF1 /* ImageCache.swift */,
			);
			path = Modals;
			sourceTree = "<group>";
		};
		54941852224FF09B00E2F097 /* Home */ = {
			isa = PBXGroup;
			children = (
				54941853224FF0C900E2F097 /* HomeViewController.swift */,
				54941855224FFFD900E2F097 /* HomeCollectionViewCell.swift */,
				5413A5BB231A050F008AED0B /* RecentlyAddedCollectionViewCell.swift */,
			);
			path = Home;
			sourceTree = "<group>";
		};
		54A3A2BA2107AA96006C4881 /* All Songs */ = {
			isa = PBXGroup;
			children = (
				BE819D6A1F5CE4C900B9DE60 /* ViewController.swift */,
				543B774A2104D5FD003A1EE9 /* songTableViewCell.swift */,
				543B774621044C80003A1EE9 /* MetadataViewController.swift */,
				543B774821044D29003A1EE9 /* metadataTableViewCell.swift */,
				54A3A2C72108EF15006C4881 /* ShuffleTableViewCell.swift */,
			);
			path = "All Songs";
			sourceTree = "<group>";
		};
		54A3A2BB2107AADA006C4881 /* Albums */ = {
			isa = PBXGroup;
			children = (
				54A3A2BE2107AB7D006C4881 /* AlbumsViewController.swift */,
				54766DA6231B3FF100ACEF56 /* AlbumCollectionViewCell.swift */,
			);
			path = Albums;
			sourceTree = "<group>";
		};
		54A3A2BC2107AAED006C4881 /* Artists */ = {
			isa = PBXGroup;
			children = (
				54A3A2C32107CD65006C4881 /* ArtistsViewController.swift */,
			);
			path = Artists;
			sourceTree = "<group>";
		};
		54A3A2BD2107AB0E006C4881 /* Recently Added */ = {
			isa = PBXGroup;
			children = (
			);
			path = "Recently Added";
			sourceTree = "<group>";
		};
		54ED74EF2101370100326880 /* Frameworks */ = {
			isa = PBXGroup;
			children = (
				54ED74F02101370100326880 /* WebKit.framework */,
				7F41B1D56ACA13669EF36A01 /* Pods_MusicPlayer1_5.framework */,
				58C198042BB0CCD1D2C247F9 /* Pods_MusicPlayer1_5Tests.framework */,
				03CFE6A4BAFF0D9CB5167FA1 /* Pods_MusicPlayer1_5UITests.framework */,
			);
			name = Frameworks;
			sourceTree = "<group>";
		};
		54F5D9B6244970FE00AB2FF1 /* Products */ = {
			isa = PBXGroup;
			children = (
				54F5D9BE244970FF00AB2FF1 /* libCommonLib.a */,
				54F5D9C0244970FF00AB2FF1 /* libUILib.a */,
				54F5D9C2244970FF00AB2FF1 /* AppFramework.framework */,
				54F5D9C4244970FF00AB2FF1 /* libTestLib.a */,
			);
			name = Products;
			sourceTree = "<group>";
		};
		54F5D9CA244971A800AB2FF1 /* MusicPlayerEGUITests */ = {
			isa = PBXGroup;
			children = (
				54F5D9CB244971A800AB2FF1 /* MusicPlayerEGUITests.swift */,
				54F5D9CD244971A800AB2FF1 /* Info.plist */,
				54F5D9D6244975E500AB2FF1 /* EarlGrey.swift */,
				54F5D9D82449776900AB2FF1 /* EG2Header.h */,
			);
			path = MusicPlayerEGUITests;
			sourceTree = "<group>";
		};
		8DAEA3BF054CD457D80D8356 /* Pods */ = {
			isa = PBXGroup;
			children = (
				F56E7D94E959AD97A6450822 /* Pods-MusicPlayer1.5.debug.xcconfig */,
				711101E6B49AE97C33A29FE4 /* Pods-MusicPlayer1.5.release.xcconfig */,
				8EBB041CB0396EFDFF8BDB99 /* Pods-MusicPlayer1.5Tests.debug.xcconfig */,
				08C9352677D69634CE560686 /* Pods-MusicPlayer1.5Tests.release.xcconfig */,
				D488B65864AAE1F454CE0681 /* Pods-MusicPlayer1.5UITests.debug.xcconfig */,
				DE1EDC78CD23116FEC86DD39 /* Pods-MusicPlayer1.5UITests.release.xcconfig */,
			);
			name = Pods;
			sourceTree = "<group>";
		};
		BE819D5C1F5CE4C800B9DE60 = {
			isa = PBXGroup;
			children = (
				54F5D9B5244970FE00AB2FF1 /* EarlGrey.xcodeproj */,
				BE819D671F5CE4C900B9DE60 /* MusicPlayer1.5 */,
				BE819D7C1F5CE4C900B9DE60 /* MusicPlayer1.5Tests */,
				BE819D871F5CE4C900B9DE60 /* MusicPlayer1.5UITests */,
				54F5D9CA244971A800AB2FF1 /* MusicPlayerEGUITests */,
				BE819D661F5CE4C900B9DE60 /* Products */,
				54ED74EF2101370100326880 /* Frameworks */,
				8DAEA3BF054CD457D80D8356 /* Pods */,
			);
			sourceTree = "<group>";
		};
		BE819D661F5CE4C900B9DE60 /* Products */ = {
			isa = PBXGroup;
			children = (
				BE819D651F5CE4C900B9DE60 /* MusicPlayer1.5.app */,
				BE819D791F5CE4C900B9DE60 /* MusicPlayer1.5Tests.xctest */,
				BE819D841F5CE4C900B9DE60 /* MusicPlayer1.5UITests.xctest */,
				54F5D9C9244971A800AB2FF1 /* MusicPlayerEGUITests.xctest */,
			);
			name = Products;
			sourceTree = "<group>";
		};
		BE819D671F5CE4C900B9DE60 /* MusicPlayer1.5 */ = {
			isa = PBXGroup;
			children = (
				546E32D72462309B0079D2DE /* DataModel */,
				54941852224FF09B00E2F097 /* Home */,
				5476D65F210659EF00702147 /* Modals */,
				543B77452104497B003A1EE9 /* Browser */,
				543B77432104495C003A1EE9 /* Downloads */,
				543B774221041974003A1EE9 /* Playlists */,
				543B774121041947003A1EE9 /* Library */,
				BE819D681F5CE4C900B9DE60 /* AppDelegate.swift */,
				BE819D6C1F5CE4C900B9DE60 /* Main.storyboard */,
				BE819D711F5CE4C900B9DE60 /* LaunchScreen.storyboard */,
				54ED74ED210125A600326880 /* Music Library */,
				BE819D6F1F5CE4C900B9DE60 /* Assets.xcassets */,
				BE819D741F5CE4C900B9DE60 /* Info.plist */,
			);
			path = MusicPlayer1.5;
			sourceTree = "<group>";
		};
		BE819D7C1F5CE4C900B9DE60 /* MusicPlayer1.5Tests */ = {
			isa = PBXGroup;
			children = (
				BE819D7D1F5CE4C900B9DE60 /* MusicPlayer1_5Tests.swift */,
				BE819D7F1F5CE4C900B9DE60 /* Info.plist */,
			);
			path = MusicPlayer1.5Tests;
			sourceTree = "<group>";
		};
		BE819D871F5CE4C900B9DE60 /* MusicPlayer1.5UITests */ = {
			isa = PBXGroup;
			children = (
				BE819D881F5CE4C900B9DE60 /* MusicPlayer1_5UITests.swift */,
				BE819D8A1F5CE4C900B9DE60 /* Info.plist */,
			);
			path = MusicPlayer1.5UITests;
			sourceTree = "<group>";
		};
/* End PBXGroup section */

/* Begin PBXNativeTarget section */
		54F5D9C8244971A800AB2FF1 /* MusicPlayerEGUITests */ = {
			isa = PBXNativeTarget;
			buildConfigurationList = 54F5D9D0244971A800AB2FF1 /* Build configuration list for PBXNativeTarget "MusicPlayerEGUITests" */;
			buildPhases = (
				54F5D9C5244971A800AB2FF1 /* Sources */,
				54F5D9C6244971A800AB2FF1 /* Frameworks */,
				54F5D9C7244971A800AB2FF1 /* Resources */,
				54F5D9D4244974B300AB2FF1 /* CopyFiles */,
			);
			buildRules = (
			);
			dependencies = (
				54F5D9CF244971A800AB2FF1 /* PBXTargetDependency */,
			);
			name = MusicPlayerEGUITests;
			productName = MusicPlayerEGUITests;
			productReference = 54F5D9C9244971A800AB2FF1 /* MusicPlayerEGUITests.xctest */;
			productType = "com.apple.product-type.bundle.ui-testing";
		};
		BE819D641F5CE4C900B9DE60 /* MusicPlayer1.5 */ = {
			isa = PBXNativeTarget;
			buildConfigurationList = BE819D8D1F5CE4C900B9DE60 /* Build configuration list for PBXNativeTarget "MusicPlayer1.5" */;
			buildPhases = (
				2DAE310F963FCBA5E4A7A717 /* [CP] Check Pods Manifest.lock */,
				BE819D611F5CE4C900B9DE60 /* Sources */,
				BE819D621F5CE4C900B9DE60 /* Frameworks */,
				BE819D631F5CE4C900B9DE60 /* Resources */,
				578DDC5332FBE62E874F87B8 /* [CP] Embed Pods Frameworks */,
			);
			buildRules = (
			);
			dependencies = (
			);
			name = MusicPlayer1.5;
			productName = MusicPlayer1.5;
			productReference = BE819D651F5CE4C900B9DE60 /* MusicPlayer1.5.app */;
			productType = "com.apple.product-type.application";
		};
		BE819D781F5CE4C900B9DE60 /* MusicPlayer1.5Tests */ = {
			isa = PBXNativeTarget;
			buildConfigurationList = BE819D901F5CE4C900B9DE60 /* Build configuration list for PBXNativeTarget "MusicPlayer1.5Tests" */;
			buildPhases = (
				F2A6057AA9452F64F32A6006 /* [CP] Check Pods Manifest.lock */,
				BE819D751F5CE4C900B9DE60 /* Sources */,
				BE819D761F5CE4C900B9DE60 /* Frameworks */,
				BE819D771F5CE4C900B9DE60 /* Resources */,
			);
			buildRules = (
			);
			dependencies = (
				BE819D7B1F5CE4C900B9DE60 /* PBXTargetDependency */,
			);
			name = MusicPlayer1.5Tests;
			productName = MusicPlayer1.5Tests;
			productReference = BE819D791F5CE4C900B9DE60 /* MusicPlayer1.5Tests.xctest */;
			productType = "com.apple.product-type.bundle.unit-test";
		};
		BE819D831F5CE4C900B9DE60 /* MusicPlayer1.5UITests */ = {
			isa = PBXNativeTarget;
			buildConfigurationList = BE819D931F5CE4C900B9DE60 /* Build configuration list for PBXNativeTarget "MusicPlayer1.5UITests" */;
			buildPhases = (
				370863282DF78960F0BAD3FE /* [CP] Check Pods Manifest.lock */,
				BE819D801F5CE4C900B9DE60 /* Sources */,
				BE819D811F5CE4C900B9DE60 /* Frameworks */,
				BE819D821F5CE4C900B9DE60 /* Resources */,
			);
			buildRules = (
			);
			dependencies = (
				BE819D861F5CE4C900B9DE60 /* PBXTargetDependency */,
			);
			name = MusicPlayer1.5UITests;
			productName = MusicPlayer1.5UITests;
			productReference = BE819D841F5CE4C900B9DE60 /* MusicPlayer1.5UITests.xctest */;
			productType = "com.apple.product-type.bundle.ui-testing";
		};
/* End PBXNativeTarget section */

/* Begin PBXProject section */
		BE819D5D1F5CE4C800B9DE60 /* Project object */ = {
			isa = PBXProject;
			attributes = {
				LastSwiftUpdateCheck = 1140;
				LastUpgradeCheck = 1030;
				ORGANIZATIONNAME = "William  Uchegbu";
				TargetAttributes = {
					54F5D9C8244971A800AB2FF1 = {
						CreatedOnToolsVersion = 11.4;
						DevelopmentTeam = 6343M8D847;
						ProvisioningStyle = Automatic;
						TestTargetID = BE819D641F5CE4C900B9DE60;
					};
					BE819D641F5CE4C900B9DE60 = {
						CreatedOnToolsVersion = 8.3.3;
						DevelopmentTeam = 6343M8D847;
						ProvisioningStyle = Automatic;
						SystemCapabilities = {
							com.apple.BackgroundModes = {
								enabled = 1;
							};
						};
					};
					BE819D781F5CE4C900B9DE60 = {
						CreatedOnToolsVersion = 8.3.3;
						DevelopmentTeam = 6343M8D847;
						ProvisioningStyle = Automatic;
						TestTargetID = BE819D641F5CE4C900B9DE60;
					};
					BE819D831F5CE4C900B9DE60 = {
						CreatedOnToolsVersion = 8.3.3;
						DevelopmentTeam = 6343M8D847;
						ProvisioningStyle = Automatic;
						TestTargetID = BE819D641F5CE4C900B9DE60;
					};
				};
			};
			buildConfigurationList = BE819D601F5CE4C800B9DE60 /* Build configuration list for PBXProject "MusicPlayer1.5" */;
			compatibilityVersion = "Xcode 3.2";
			developmentRegion = en;
			hasScannedForEncodings = 0;
			knownRegions = (
				en,
				Base,
			);
			mainGroup = BE819D5C1F5CE4C800B9DE60;
			productRefGroup = BE819D661F5CE4C900B9DE60 /* Products */;
			projectDirPath = "";
			projectReferences = (
				{
					ProductGroup = 54F5D9B6244970FE00AB2FF1 /* Products */;
					ProjectRef = 54F5D9B5244970FE00AB2FF1 /* EarlGrey.xcodeproj */;
				},
			);
			projectRoot = "";
			targets = (
				BE819D641F5CE4C900B9DE60 /* MusicPlayer1.5 */,
				BE819D781F5CE4C900B9DE60 /* MusicPlayer1.5Tests */,
				BE819D831F5CE4C900B9DE60 /* MusicPlayer1.5UITests */,
				54F5D9C8244971A800AB2FF1 /* MusicPlayerEGUITests */,
			);
		};
/* End PBXProject section */

/* Begin PBXReferenceProxy section */
		54F5D9BE244970FF00AB2FF1 /* libCommonLib.a */ = {
			isa = PBXReferenceProxy;
			fileType = archive.ar;
			path = libCommonLib.a;
			remoteRef = 54F5D9BD244970FF00AB2FF1 /* PBXContainerItemProxy */;
			sourceTree = BUILT_PRODUCTS_DIR;
		};
		54F5D9C0244970FF00AB2FF1 /* libUILib.a */ = {
			isa = PBXReferenceProxy;
			fileType = archive.ar;
			path = libUILib.a;
			remoteRef = 54F5D9BF244970FF00AB2FF1 /* PBXContainerItemProxy */;
			sourceTree = BUILT_PRODUCTS_DIR;
		};
		54F5D9C2244970FF00AB2FF1 /* AppFramework.framework */ = {
			isa = PBXReferenceProxy;
			fileType = wrapper.framework;
			path = AppFramework.framework;
			remoteRef = 54F5D9C1244970FF00AB2FF1 /* PBXContainerItemProxy */;
			sourceTree = BUILT_PRODUCTS_DIR;
		};
		54F5D9C4244970FF00AB2FF1 /* libTestLib.a */ = {
			isa = PBXReferenceProxy;
			fileType = archive.ar;
			path = libTestLib.a;
			remoteRef = 54F5D9C3244970FF00AB2FF1 /* PBXContainerItemProxy */;
			sourceTree = BUILT_PRODUCTS_DIR;
		};
/* End PBXReferenceProxy section */

/* Begin PBXResourcesBuildPhase section */
		54F5D9C7244971A800AB2FF1 /* Resources */ = {
			isa = PBXResourcesBuildPhase;
			buildActionMask = 2147483647;
			files = (
			);
			runOnlyForDeploymentPostprocessing = 0;
		};
		BE819D631F5CE4C900B9DE60 /* Resources */ = {
			isa = PBXResourcesBuildPhase;
			buildActionMask = 2147483647;
			files = (
				BE819D731F5CE4C900B9DE60 /* LaunchScreen.storyboard in Resources */,
				BE819D701F5CE4C900B9DE60 /* Assets.xcassets in Resources */,
				BE819D6E1F5CE4C900B9DE60 /* Main.storyboard in Resources */,
				54ED74EE210125A600326880 /* Music Library in Resources */,
			);
			runOnlyForDeploymentPostprocessing = 0;
		};
		BE819D771F5CE4C900B9DE60 /* Resources */ = {
			isa = PBXResourcesBuildPhase;
			buildActionMask = 2147483647;
			files = (
			);
			runOnlyForDeploymentPostprocessing = 0;
		};
		BE819D821F5CE4C900B9DE60 /* Resources */ = {
			isa = PBXResourcesBuildPhase;
			buildActionMask = 2147483647;
			files = (
			);
			runOnlyForDeploymentPostprocessing = 0;
		};
/* End PBXResourcesBuildPhase section */

/* Begin PBXShellScriptBuildPhase section */
		2DAE310F963FCBA5E4A7A717 /* [CP] Check Pods Manifest.lock */ = {
			isa = PBXShellScriptBuildPhase;
			buildActionMask = 2147483647;
			files = (
			);
			inputPaths = (
				"${PODS_PODFILE_DIR_PATH}/Podfile.lock",
				"${PODS_ROOT}/Manifest.lock",
			);
			name = "[CP] Check Pods Manifest.lock";
			outputPaths = (
				"$(DERIVED_FILE_DIR)/Pods-MusicPlayer1.5-checkManifestLockResult.txt",
			);
			runOnlyForDeploymentPostprocessing = 0;
			shellPath = /bin/sh;
			shellScript = "diff \"${PODS_PODFILE_DIR_PATH}/Podfile.lock\" \"${PODS_ROOT}/Manifest.lock\" > /dev/null\nif [ $? != 0 ] ; then\n    # print error to STDERR\n    echo \"error: The sandbox is not in sync with the Podfile.lock. Run 'pod install' or update your CocoaPods installation.\" >&2\n    exit 1\nfi\n# This output is used by Xcode 'outputs' to avoid re-running this script phase.\necho \"SUCCESS\" > \"${SCRIPT_OUTPUT_FILE_0}\"\n";
			showEnvVarsInLog = 0;
		};
		370863282DF78960F0BAD3FE /* [CP] Check Pods Manifest.lock */ = {
			isa = PBXShellScriptBuildPhase;
			buildActionMask = 2147483647;
			files = (
			);
			inputPaths = (
				"${PODS_PODFILE_DIR_PATH}/Podfile.lock",
				"${PODS_ROOT}/Manifest.lock",
			);
			name = "[CP] Check Pods Manifest.lock";
			outputPaths = (
				"$(DERIVED_FILE_DIR)/Pods-MusicPlayer1.5UITests-checkManifestLockResult.txt",
			);
			runOnlyForDeploymentPostprocessing = 0;
			shellPath = /bin/sh;
			shellScript = "diff \"${PODS_PODFILE_DIR_PATH}/Podfile.lock\" \"${PODS_ROOT}/Manifest.lock\" > /dev/null\nif [ $? != 0 ] ; then\n    # print error to STDERR\n    echo \"error: The sandbox is not in sync with the Podfile.lock. Run 'pod install' or update your CocoaPods installation.\" >&2\n    exit 1\nfi\n# This output is used by Xcode 'outputs' to avoid re-running this script phase.\necho \"SUCCESS\" > \"${SCRIPT_OUTPUT_FILE_0}\"\n";
			showEnvVarsInLog = 0;
		};
		578DDC5332FBE62E874F87B8 /* [CP] Embed Pods Frameworks */ = {
			isa = PBXShellScriptBuildPhase;
			buildActionMask = 2147483647;
			files = (
			);
			inputPaths = (
				"${SRCROOT}/Pods/Target Support Files/Pods-MusicPlayer1.5/Pods-MusicPlayer1.5-frameworks.sh",
				"${BUILT_PRODUCTS_DIR}/Alamofire/Alamofire.framework",
				"${BUILT_PRODUCTS_DIR}/ID3TagEditor/ID3TagEditor.framework",
				"${BUILT_PRODUCTS_DIR}/SVProgressHUD/SVProgressHUD.framework",
			);
			name = "[CP] Embed Pods Frameworks";
			outputPaths = (
				"${TARGET_BUILD_DIR}/${FRAMEWORKS_FOLDER_PATH}/Alamofire.framework",
				"${TARGET_BUILD_DIR}/${FRAMEWORKS_FOLDER_PATH}/ID3TagEditor.framework",
				"${TARGET_BUILD_DIR}/${FRAMEWORKS_FOLDER_PATH}/SVProgressHUD.framework",
			);
			runOnlyForDeploymentPostprocessing = 0;
			shellPath = /bin/sh;
			shellScript = "\"${SRCROOT}/Pods/Target Support Files/Pods-MusicPlayer1.5/Pods-MusicPlayer1.5-frameworks.sh\"\n";
			showEnvVarsInLog = 0;
		};
		F2A6057AA9452F64F32A6006 /* [CP] Check Pods Manifest.lock */ = {
			isa = PBXShellScriptBuildPhase;
			buildActionMask = 2147483647;
			files = (
			);
			inputPaths = (
				"${PODS_PODFILE_DIR_PATH}/Podfile.lock",
				"${PODS_ROOT}/Manifest.lock",
			);
			name = "[CP] Check Pods Manifest.lock";
			outputPaths = (
				"$(DERIVED_FILE_DIR)/Pods-MusicPlayer1.5Tests-checkManifestLockResult.txt",
			);
			runOnlyForDeploymentPostprocessing = 0;
			shellPath = /bin/sh;
			shellScript = "diff \"${PODS_PODFILE_DIR_PATH}/Podfile.lock\" \"${PODS_ROOT}/Manifest.lock\" > /dev/null\nif [ $? != 0 ] ; then\n    # print error to STDERR\n    echo \"error: The sandbox is not in sync with the Podfile.lock. Run 'pod install' or update your CocoaPods installation.\" >&2\n    exit 1\nfi\n# This output is used by Xcode 'outputs' to avoid re-running this script phase.\necho \"SUCCESS\" > \"${SCRIPT_OUTPUT_FILE_0}\"\n";
			showEnvVarsInLog = 0;
		};
/* End PBXShellScriptBuildPhase section */

/* Begin PBXSourcesBuildPhase section */
		54F5D9C5244971A800AB2FF1 /* Sources */ = {
			isa = PBXSourcesBuildPhase;
			buildActionMask = 2147483647;
			files = (
				54F5D9D7244975E500AB2FF1 /* EarlGrey.swift in Sources */,
				54F5D9CC244971A800AB2FF1 /* MusicPlayerEGUITests.swift in Sources */,
			);
			runOnlyForDeploymentPostprocessing = 0;
		};
		BE819D611F5CE4C900B9DE60 /* Sources */ = {
			isa = PBXSourcesBuildPhase;
			buildActionMask = 2147483647;
			files = (
				54A3A2BF2107AB7D006C4881 /* AlbumsViewController.swift in Sources */,
				543B774921044D29003A1EE9 /* metadataTableViewCell.swift in Sources */,
				54766DA9231BEAC000ACEF56 /* MainTabBarController.swift in Sources */,
				546E32E0246763F90079D2DE /* MusicPlayerViewController.swift in Sources */,
				54941854224FF0C900E2F097 /* HomeViewController.swift in Sources */,
				5446B72F24402B4A00561759 /* MusicControls.swift in Sources */,
				546E32DE246230D30079D2DE /* Model.xcdatamodeld in Sources */,
				54ED74F52101A1E100326880 /* PlaylistsViewController.swift in Sources */,
				BEE2FE921F5F488C00324879 /* MusicViewController.swift in Sources */,
				54A3A2CA210A1DD4006C4881 /* Objects.swift in Sources */,
				5476D65A21064E3800702147 /* downloadTableViewCell.swift in Sources */,
				5476D65E2106582D00702147 /* PlaylistViewController.swift in Sources */,
				54ED74F72101A26F00326880 /* DownloadsViewController.swift in Sources */,
				54A3A2C82108EF15006C4881 /* ShuffleTableViewCell.swift in Sources */,
				5413A5BC231A050F008AED0B /* RecentlyAddedCollectionViewCell.swift in Sources */,
				543B774B2104D5FD003A1EE9 /* songTableViewCell.swift in Sources */,
				54F5D9B32443B2E200AB2FF1 /* ImageCache.swift in Sources */,
				54ED74F3210139CE00326880 /* BrowserViewController.swift in Sources */,
				54ED74FB2102493E00326880 /* LibraryViewController.swift in Sources */,
				BE819D6B1F5CE4C900B9DE60 /* ViewController.swift in Sources */,
				54941856224FFFD900E2F097 /* HomeCollectionViewCell.swift in Sources */,
				BE819D691F5CE4C900B9DE60 /* AppDelegate.swift in Sources */,
				5431837422F742A000E720AB /* MetedataEditor.swift in Sources */,
				54766DA7231B3FF100ACEF56 /* AlbumCollectionViewCell.swift in Sources */,
				54A1906922E8D5BE003B5FEF /* Functions.swift in Sources */,
				543B774721044C80003A1EE9 /* MetadataViewController.swift in Sources */,
				5476D65C21064E5400702147 /* playlistTableViewCell.swift in Sources */,
				54A3A2C42107CD65006C4881 /* ArtistsViewController.swift in Sources */,
			);
			runOnlyForDeploymentPostprocessing = 0;
		};
		BE819D751F5CE4C900B9DE60 /* Sources */ = {
			isa = PBXSourcesBuildPhase;
			buildActionMask = 2147483647;
			files = (
				BE819D7E1F5CE4C900B9DE60 /* MusicPlayer1_5Tests.swift in Sources */,
			);
			runOnlyForDeploymentPostprocessing = 0;
		};
		BE819D801F5CE4C900B9DE60 /* Sources */ = {
			isa = PBXSourcesBuildPhase;
			buildActionMask = 2147483647;
			files = (
				BE819D891F5CE4C900B9DE60 /* MusicPlayer1_5UITests.swift in Sources */,
			);
			runOnlyForDeploymentPostprocessing = 0;
		};
/* End PBXSourcesBuildPhase section */

/* Begin PBXTargetDependency section */
		54F5D9CF244971A800AB2FF1 /* PBXTargetDependency */ = {
			isa = PBXTargetDependency;
			target = BE819D641F5CE4C900B9DE60 /* MusicPlayer1.5 */;
			targetProxy = 54F5D9CE244971A800AB2FF1 /* PBXContainerItemProxy */;
		};
		BE819D7B1F5CE4C900B9DE60 /* PBXTargetDependency */ = {
			isa = PBXTargetDependency;
			target = BE819D641F5CE4C900B9DE60 /* MusicPlayer1.5 */;
			targetProxy = BE819D7A1F5CE4C900B9DE60 /* PBXContainerItemProxy */;
		};
		BE819D861F5CE4C900B9DE60 /* PBXTargetDependency */ = {
			isa = PBXTargetDependency;
			target = BE819D641F5CE4C900B9DE60 /* MusicPlayer1.5 */;
			targetProxy = BE819D851F5CE4C900B9DE60 /* PBXContainerItemProxy */;
		};
/* End PBXTargetDependency section */

/* Begin PBXVariantGroup section */
		BE819D6C1F5CE4C900B9DE60 /* Main.storyboard */ = {
			isa = PBXVariantGroup;
			children = (
				BE819D6D1F5CE4C900B9DE60 /* Base */,
			);
			name = Main.storyboard;
			sourceTree = "<group>";
		};
		BE819D711F5CE4C900B9DE60 /* LaunchScreen.storyboard */ = {
			isa = PBXVariantGroup;
			children = (
				BE819D721F5CE4C900B9DE60 /* Base */,
			);
			name = LaunchScreen.storyboard;
			sourceTree = "<group>";
		};
/* End PBXVariantGroup section */

/* Begin XCBuildConfiguration section */
		54F5D9D1244971A800AB2FF1 /* Debug */ = {
			isa = XCBuildConfiguration;
			buildSettings = {
				CLANG_CXX_LANGUAGE_STANDARD = "gnu++14";
				CLANG_ENABLE_OBJC_WEAK = YES;
				CLANG_WARN_UNGUARDED_AVAILABILITY = YES_AGGRESSIVE;
				CODE_SIGN_STYLE = Automatic;
				DEVELOPMENT_TEAM = 6343M8D847;
				GCC_C_LANGUAGE_STANDARD = gnu11;
				INFOPLIST_FILE = MusicPlayerEGUITests/Info.plist;
				IPHONEOS_DEPLOYMENT_TARGET = 13.4;
				LD_RUNPATH_SEARCH_PATHS = "$(inherited) @executable_path/Frameworks @loader_path/Frameworks";
				MTL_ENABLE_DEBUG_INFO = INCLUDE_SOURCE;
				MTL_FAST_MATH = YES;
				OTHER_LDFLAGS = "-ObjC";
				PRODUCT_BUNDLE_IDENTIFIER = WilliamUchegbu.MusicPlayerEGUITests;
				PRODUCT_NAME = "$(TARGET_NAME)";
				SWIFT_OBJC_BRIDGING_HEADER = MusicPlayerEGUITests/EG2Header.h;
				SWIFT_VERSION = 5.0;
				TARGETED_DEVICE_FAMILY = "1,2";
				TEST_TARGET_NAME = MusicPlayer1.5;
				USER_HEADER_SEARCH_PATHS = "EarlGrey/**";
			};
			name = Debug;
		};
		54F5D9D2244971A800AB2FF1 /* Release */ = {
			isa = XCBuildConfiguration;
			buildSettings = {
				CLANG_CXX_LANGUAGE_STANDARD = "gnu++14";
				CLANG_ENABLE_OBJC_WEAK = YES;
				CLANG_WARN_UNGUARDED_AVAILABILITY = YES_AGGRESSIVE;
				CODE_SIGN_STYLE = Automatic;
				DEVELOPMENT_TEAM = 6343M8D847;
				GCC_C_LANGUAGE_STANDARD = gnu11;
				INFOPLIST_FILE = MusicPlayerEGUITests/Info.plist;
				IPHONEOS_DEPLOYMENT_TARGET = 13.4;
				LD_RUNPATH_SEARCH_PATHS = "$(inherited) @executable_path/Frameworks @loader_path/Frameworks";
				MTL_FAST_MATH = YES;
				OTHER_LDFLAGS = "-ObjC";
				PRODUCT_BUNDLE_IDENTIFIER = WilliamUchegbu.MusicPlayerEGUITests;
				PRODUCT_NAME = "$(TARGET_NAME)";
				SWIFT_OBJC_BRIDGING_HEADER = MusicPlayerEGUITests/EG2Header.h;
				SWIFT_VERSION = 5.0;
				TARGETED_DEVICE_FAMILY = "1,2";
				TEST_TARGET_NAME = MusicPlayer1.5;
				USER_HEADER_SEARCH_PATHS = "EarlGrey/**";
			};
			name = Release;
		};
		BE819D8B1F5CE4C900B9DE60 /* Debug */ = {
			isa = XCBuildConfiguration;
			buildSettings = {
				ALWAYS_SEARCH_USER_PATHS = NO;
				CLANG_ANALYZER_LOCALIZABILITY_NONLOCALIZED = YES;
				CLANG_ANALYZER_NONNULL = YES;
				CLANG_ANALYZER_NUMBER_OBJECT_CONVERSION = YES_AGGRESSIVE;
				CLANG_CXX_LANGUAGE_STANDARD = "gnu++0x";
				CLANG_CXX_LIBRARY = "libc++";
				CLANG_ENABLE_MODULES = YES;
				CLANG_ENABLE_OBJC_ARC = YES;
				CLANG_WARN_BLOCK_CAPTURE_AUTORELEASING = YES;
				CLANG_WARN_BOOL_CONVERSION = YES;
				CLANG_WARN_COMMA = YES;
				CLANG_WARN_CONSTANT_CONVERSION = YES;
				CLANG_WARN_DEPRECATED_OBJC_IMPLEMENTATIONS = YES;
				CLANG_WARN_DIRECT_OBJC_ISA_USAGE = YES_ERROR;
				CLANG_WARN_DOCUMENTATION_COMMENTS = YES;
				CLANG_WARN_EMPTY_BODY = YES;
				CLANG_WARN_ENUM_CONVERSION = YES;
				CLANG_WARN_INFINITE_RECURSION = YES;
				CLANG_WARN_INT_CONVERSION = YES;
				CLANG_WARN_NON_LITERAL_NULL_CONVERSION = YES;
				CLANG_WARN_OBJC_IMPLICIT_RETAIN_SELF = YES;
				CLANG_WARN_OBJC_LITERAL_CONVERSION = YES;
				CLANG_WARN_OBJC_ROOT_CLASS = YES_ERROR;
				CLANG_WARN_RANGE_LOOP_ANALYSIS = YES;
				CLANG_WARN_STRICT_PROTOTYPES = YES;
				CLANG_WARN_SUSPICIOUS_MOVE = YES;
				CLANG_WARN_UNREACHABLE_CODE = YES;
				CLANG_WARN__DUPLICATE_METHOD_MATCH = YES;
				"CODE_SIGN_IDENTITY[sdk=iphoneos*]" = "iPhone Developer";
				COPY_PHASE_STRIP = NO;
				DEBUG_INFORMATION_FORMAT = dwarf;
				ENABLE_STRICT_OBJC_MSGSEND = YES;
				ENABLE_TESTABILITY = YES;
				GCC_C_LANGUAGE_STANDARD = gnu99;
				GCC_DYNAMIC_NO_PIC = NO;
				GCC_NO_COMMON_BLOCKS = YES;
				GCC_OPTIMIZATION_LEVEL = 0;
				GCC_PREPROCESSOR_DEFINITIONS = (
					"DEBUG=1",
					"$(inherited)",
				);
				GCC_WARN_64_TO_32_BIT_CONVERSION = YES;
				GCC_WARN_ABOUT_RETURN_TYPE = YES_ERROR;
				GCC_WARN_UNDECLARED_SELECTOR = YES;
				GCC_WARN_UNINITIALIZED_AUTOS = YES_AGGRESSIVE;
				GCC_WARN_UNUSED_FUNCTION = YES;
				GCC_WARN_UNUSED_VARIABLE = YES;
				IPHONEOS_DEPLOYMENT_TARGET = 12.4;
				MTL_ENABLE_DEBUG_INFO = YES;
				ONLY_ACTIVE_ARCH = YES;
				SDKROOT = iphoneos;
				SWIFT_ACTIVE_COMPILATION_CONDITIONS = DEBUG;
				SWIFT_OPTIMIZATION_LEVEL = "-Onone";
				SWIFT_VERSION = 5.0;
			};
			name = Debug;
		};
		BE819D8C1F5CE4C900B9DE60 /* Release */ = {
			isa = XCBuildConfiguration;
			buildSettings = {
				ALWAYS_SEARCH_USER_PATHS = NO;
				CLANG_ANALYZER_LOCALIZABILITY_NONLOCALIZED = YES;
				CLANG_ANALYZER_NONNULL = YES;
				CLANG_ANALYZER_NUMBER_OBJECT_CONVERSION = YES_AGGRESSIVE;
				CLANG_CXX_LANGUAGE_STANDARD = "gnu++0x";
				CLANG_CXX_LIBRARY = "libc++";
				CLANG_ENABLE_MODULES = YES;
				CLANG_ENABLE_OBJC_ARC = YES;
				CLANG_WARN_BLOCK_CAPTURE_AUTORELEASING = YES;
				CLANG_WARN_BOOL_CONVERSION = YES;
				CLANG_WARN_COMMA = YES;
				CLANG_WARN_CONSTANT_CONVERSION = YES;
				CLANG_WARN_DEPRECATED_OBJC_IMPLEMENTATIONS = YES;
				CLANG_WARN_DIRECT_OBJC_ISA_USAGE = YES_ERROR;
				CLANG_WARN_DOCUMENTATION_COMMENTS = YES;
				CLANG_WARN_EMPTY_BODY = YES;
				CLANG_WARN_ENUM_CONVERSION = YES;
				CLANG_WARN_INFINITE_RECURSION = YES;
				CLANG_WARN_INT_CONVERSION = YES;
				CLANG_WARN_NON_LITERAL_NULL_CONVERSION = YES;
				CLANG_WARN_OBJC_IMPLICIT_RETAIN_SELF = YES;
				CLANG_WARN_OBJC_LITERAL_CONVERSION = YES;
				CLANG_WARN_OBJC_ROOT_CLASS = YES_ERROR;
				CLANG_WARN_RANGE_LOOP_ANALYSIS = YES;
				CLANG_WARN_STRICT_PROTOTYPES = YES;
				CLANG_WARN_SUSPICIOUS_MOVE = YES;
				CLANG_WARN_UNREACHABLE_CODE = YES;
				CLANG_WARN__DUPLICATE_METHOD_MATCH = YES;
				"CODE_SIGN_IDENTITY[sdk=iphoneos*]" = "iPhone Developer";
				COPY_PHASE_STRIP = NO;
				DEBUG_INFORMATION_FORMAT = "dwarf-with-dsym";
				ENABLE_NS_ASSERTIONS = NO;
				ENABLE_STRICT_OBJC_MSGSEND = YES;
				GCC_C_LANGUAGE_STANDARD = gnu99;
				GCC_NO_COMMON_BLOCKS = YES;
				GCC_WARN_64_TO_32_BIT_CONVERSION = YES;
				GCC_WARN_ABOUT_RETURN_TYPE = YES_ERROR;
				GCC_WARN_UNDECLARED_SELECTOR = YES;
				GCC_WARN_UNINITIALIZED_AUTOS = YES_AGGRESSIVE;
				GCC_WARN_UNUSED_FUNCTION = YES;
				GCC_WARN_UNUSED_VARIABLE = YES;
				IPHONEOS_DEPLOYMENT_TARGET = 12.4;
				MTL_ENABLE_DEBUG_INFO = NO;
				SDKROOT = iphoneos;
				SWIFT_OPTIMIZATION_LEVEL = "-Owholemodule";
				SWIFT_VERSION = 5.0;
				VALIDATE_PRODUCT = YES;
			};
			name = Release;
		};
		BE819D8E1F5CE4C900B9DE60 /* Debug */ = {
			isa = XCBuildConfiguration;
			baseConfigurationReference = F56E7D94E959AD97A6450822 /* Pods-MusicPlayer1.5.debug.xcconfig */;
			buildSettings = {
				ASSETCATALOG_COMPILER_APPICON_NAME = AppIcon;
				DEVELOPMENT_TEAM = 6343M8D847;
				INFOPLIST_FILE = MusicPlayer1.5/Info.plist;
				IPHONEOS_DEPLOYMENT_TARGET = 12.4;
				LD_RUNPATH_SEARCH_PATHS = "$(inherited) @executable_path/Frameworks";
				PRODUCT_BUNDLE_IDENTIFIER = "WiU.MusicPlayer1-5";
				PRODUCT_NAME = "$(TARGET_NAME)";
				SWIFT_VERSION = 5.0;
			};
			name = Debug;
		};
		BE819D8F1F5CE4C900B9DE60 /* Release */ = {
			isa = XCBuildConfiguration;
			baseConfigurationReference = 711101E6B49AE97C33A29FE4 /* Pods-MusicPlayer1.5.release.xcconfig */;
			buildSettings = {
				ASSETCATALOG_COMPILER_APPICON_NAME = AppIcon;
				DEVELOPMENT_TEAM = 6343M8D847;
				INFOPLIST_FILE = MusicPlayer1.5/Info.plist;
				IPHONEOS_DEPLOYMENT_TARGET = 12.4;
				LD_RUNPATH_SEARCH_PATHS = "$(inherited) @executable_path/Frameworks";
				PRODUCT_BUNDLE_IDENTIFIER = "WiU.MusicPlayer1-5";
				PRODUCT_NAME = "$(TARGET_NAME)";
				SWIFT_VERSION = 5.0;
			};
			name = Release;
		};
		BE819D911F5CE4C900B9DE60 /* Debug */ = {
			isa = XCBuildConfiguration;
			baseConfigurationReference = 8EBB041CB0396EFDFF8BDB99 /* Pods-MusicPlayer1.5Tests.debug.xcconfig */;
			buildSettings = {
				ALWAYS_EMBED_SWIFT_STANDARD_LIBRARIES = YES;
				BUNDLE_LOADER = "$(TEST_HOST)";
				DEVELOPMENT_TEAM = 6343M8D847;
				INFOPLIST_FILE = MusicPlayer1.5Tests/Info.plist;
				LD_RUNPATH_SEARCH_PATHS = "$(inherited) @executable_path/Frameworks @loader_path/Frameworks";
				PRODUCT_BUNDLE_IDENTIFIER = "WiU.MusicPlayer1-5Tests";
				PRODUCT_NAME = "$(TARGET_NAME)";
				SWIFT_VERSION = 5.0;
				TEST_HOST = "$(BUILT_PRODUCTS_DIR)/MusicPlayer1.5.app/MusicPlayer1.5";
			};
			name = Debug;
		};
		BE819D921F5CE4C900B9DE60 /* Release */ = {
			isa = XCBuildConfiguration;
			baseConfigurationReference = 08C9352677D69634CE560686 /* Pods-MusicPlayer1.5Tests.release.xcconfig */;
			buildSettings = {
				ALWAYS_EMBED_SWIFT_STANDARD_LIBRARIES = YES;
				BUNDLE_LOADER = "$(TEST_HOST)";
				DEVELOPMENT_TEAM = 6343M8D847;
				INFOPLIST_FILE = MusicPlayer1.5Tests/Info.plist;
				LD_RUNPATH_SEARCH_PATHS = "$(inherited) @executable_path/Frameworks @loader_path/Frameworks";
				PRODUCT_BUNDLE_IDENTIFIER = "WiU.MusicPlayer1-5Tests";
				PRODUCT_NAME = "$(TARGET_NAME)";
				SWIFT_VERSION = 5.0;
				TEST_HOST = "$(BUILT_PRODUCTS_DIR)/MusicPlayer1.5.app/MusicPlayer1.5";
			};
			name = Release;
		};
		BE819D941F5CE4C900B9DE60 /* Debug */ = {
			isa = XCBuildConfiguration;
			baseConfigurationReference = D488B65864AAE1F454CE0681 /* Pods-MusicPlayer1.5UITests.debug.xcconfig */;
			buildSettings = {
				ALWAYS_EMBED_SWIFT_STANDARD_LIBRARIES = YES;
				DEVELOPMENT_TEAM = 6343M8D847;
				INFOPLIST_FILE = MusicPlayer1.5UITests/Info.plist;
				LD_RUNPATH_SEARCH_PATHS = "$(inherited) @executable_path/Frameworks @loader_path/Frameworks";
				PRODUCT_BUNDLE_IDENTIFIER = "WiU.MusicPlayer1-5UITests";
				PRODUCT_NAME = "$(TARGET_NAME)";
				SWIFT_VERSION = 5.0;
				TEST_TARGET_NAME = MusicPlayer1.5;
			};
			name = Debug;
		};
		BE819D951F5CE4C900B9DE60 /* Release */ = {
			isa = XCBuildConfiguration;
			baseConfigurationReference = DE1EDC78CD23116FEC86DD39 /* Pods-MusicPlayer1.5UITests.release.xcconfig */;
			buildSettings = {
				ALWAYS_EMBED_SWIFT_STANDARD_LIBRARIES = YES;
				DEVELOPMENT_TEAM = 6343M8D847;
				INFOPLIST_FILE = MusicPlayer1.5UITests/Info.plist;
				LD_RUNPATH_SEARCH_PATHS = "$(inherited) @executable_path/Frameworks @loader_path/Frameworks";
				PRODUCT_BUNDLE_IDENTIFIER = "WiU.MusicPlayer1-5UITests";
				PRODUCT_NAME = "$(TARGET_NAME)";
				SWIFT_VERSION = 5.0;
				TEST_TARGET_NAME = MusicPlayer1.5;
			};
			name = Release;
		};
/* End XCBuildConfiguration section */

/* Begin XCConfigurationList section */
		54F5D9D0244971A800AB2FF1 /* Build configuration list for PBXNativeTarget "MusicPlayerEGUITests" */ = {
			isa = XCConfigurationList;
			buildConfigurations = (
				54F5D9D1244971A800AB2FF1 /* Debug */,
				54F5D9D2244971A800AB2FF1 /* Release */,
			);
			defaultConfigurationIsVisible = 0;
			defaultConfigurationName = Release;
		};
		BE819D601F5CE4C800B9DE60 /* Build configuration list for PBXProject "MusicPlayer1.5" */ = {
			isa = XCConfigurationList;
			buildConfigurations = (
				BE819D8B1F5CE4C900B9DE60 /* Debug */,
				BE819D8C1F5CE4C900B9DE60 /* Release */,
			);
			defaultConfigurationIsVisible = 0;
			defaultConfigurationName = Release;
		};
		BE819D8D1F5CE4C900B9DE60 /* Build configuration list for PBXNativeTarget "MusicPlayer1.5" */ = {
			isa = XCConfigurationList;
			buildConfigurations = (
				BE819D8E1F5CE4C900B9DE60 /* Debug */,
				BE819D8F1F5CE4C900B9DE60 /* Release */,
			);
			defaultConfigurationIsVisible = 0;
			defaultConfigurationName = Release;
		};
		BE819D901F5CE4C900B9DE60 /* Build configuration list for PBXNativeTarget "MusicPlayer1.5Tests" */ = {
			isa = XCConfigurationList;
			buildConfigurations = (
				BE819D911F5CE4C900B9DE60 /* Debug */,
				BE819D921F5CE4C900B9DE60 /* Release */,
			);
			defaultConfigurationIsVisible = 0;
			defaultConfigurationName = Release;
		};
		BE819D931F5CE4C900B9DE60 /* Build configuration list for PBXNativeTarget "MusicPlayer1.5UITests" */ = {
			isa = XCConfigurationList;
			buildConfigurations = (
				BE819D941F5CE4C900B9DE60 /* Debug */,
				BE819D951F5CE4C900B9DE60 /* Release */,
			);
			defaultConfigurationIsVisible = 0;
			defaultConfigurationName = Release;
		};
/* End XCConfigurationList section */

/* Begin XCVersionGroup section */
		546E32DC246230D30079D2DE /* Model.xcdatamodeld */ = {
			isa = XCVersionGroup;
			children = (
				546E32DD246230D30079D2DE /* Model.xcdatamodel */,
			);
			currentVersion = 546E32DD246230D30079D2DE /* Model.xcdatamodel */;
			path = Model.xcdatamodeld;
			sourceTree = "<group>";
			versionGroupType = wrapper.xcdatamodel;
		};
/* End XCVersionGroup section */
	};
	rootObject = BE819D5D1F5CE4C800B9DE60 /* Project object */;
}
